
Microsoft Visual Studio Solution File, Format Version 12.00
# Visual Studio 15
VisualStudioVersion = 15.0.27130.2027
MinimumVisualStudioVersion = 10.0.40219.1
Project("{FAE04EC0-301F-11D3-BF4B-00C04F79EFBC}") = "KoFrMaRestApi", "KoFrMaRestApi\KoFrMaRestApi.csproj", "{BE2A6517-C935-4254-A3BE-24A07308CC88}"
EndProject
Global
	GlobalSection(SolutionConfigurationPlatforms) = preSolution
		Debug|Any CPU = Debug|Any CPU
		Release|Any CPU = Release|Any CPU
	EndGlobalSection
	GlobalSection(ProjectConfigurationPlatforms) = postSolution
		{BE2A6517-C935-4254-A3BE-24A07308CC88}.Debug|Any CPU.ActiveCfg = Debug|Any CPU
		{BE2A6517-C935-4254-A3BE-24A07308CC88}.Debug|Any CPU.Build.0 = Debug|Any CPU
		{BE2A6517-C935-4254-A3BE-24A07308CC88}.Release|Any CPU.ActiveCfg = Release|Any CPU
		{BE2A6517-C935-4254-A3BE-24A07308CC88}.Release|Any CPU.Build.0 = Release|Any CPU
	EndGlobalSection
	GlobalSection(SolutionProperties) = preSolution
		HideSolutionNode = FALSE
	EndGlobalSection
	GlobalSection(ExtensibilityGlobals) = postSolution
		SolutionGuid = {D96F0C17-29BF-4588-9692-8F75700C11B6}
	EndGlobalSection
EndGlobal
